
Microsoft Visual Studio Solution File, Format Version 12.00
# Visual Studio 15
VisualStudioVersion = 15.0.27703.2000
MinimumVisualStudioVersion = 10.0.40219.1
Project("{FAE04EC0-301F-11D3-BF4B-00C04F79EFBC}") = "localPrintService", "WindowsFormsApp1\localPrintService.csproj", "{AFE2EB5C-BAD0-4E99-ACD5-62601BD17F53}"
EndProject
Global
	GlobalSection(SolutionConfigurationPlatforms) = preSolution
		Debug|Any CPU = Debug|Any CPU
		Release|Any CPU = Release|Any CPU
	EndGlobalSection
	GlobalSection(ProjectConfigurationPlatforms) = postSolution
		{AFE2EB5C-BAD0-4E99-ACD5-62601BD17F53}.Debug|Any CPU.ActiveCfg = Debug|Any CPU
		{AFE2EB5C-BAD0-4E99-ACD5-62601BD17F53}.Debug|Any CPU.Build.0 = Debug|Any CPU
		{AFE2EB5C-BAD0-4E99-ACD5-62601BD17F53}.Release|Any CPU.ActiveCfg = Release|Any CPU
		{AFE2EB5C-BAD0-4E99-ACD5-62601BD17F53}.Release|Any CPU.Build.0 = Release|Any CPU
	EndGlobalSection
	GlobalSection(SolutionProperties) = preSolution
		HideSolutionNode = FALSE
	EndGlobalSection
	GlobalSection(ExtensibilityGlobals) = postSolution
		SolutionGuid = {6C342982-3A17-42BE-BB7A-895791DC552D}
	EndGlobalSection
EndGlobal
